github.com/ThomasT75/uinput v1.9.0 h1:NcBIreJ12Qrv1cRPGSXmqx1nYE5izsGzkpNVRbLSTAk=
github.com/ThomasT75/uinput v1.9.0/go.mod h1:BRwaDsjfc/730h5TfN5a1h0yGoEmuCwp5TvhxfUBU6w=
github.com/bendahl/uinput v1.7.0 h1:nA4fm8Wu8UYNOPykIZm66nkWEyvxzfmJ8YC02PM40jg=
github.com/bendahl/uinput v1.7.0/go.mod h1:Np7w3DINc9wB83p12fTAM3DPPhFnAKP0WTXRqCQJ6Z8=
google.golang.org/protobuf v1.36.6 h1:z1NpPI8ku2WgiWnf+t9wTPsn6eP1L7ksHUlkfLvd9xY=
google.golang.org/protobuf v1.36.6/go.mod h1:jduwjTPXsFjZGTmRluh+L6NjiWu7pchiJ2/5YcXBHnY=
